
Microsoft Visual Studio Solution File, Format Version 12.00
# Visual Studio Version 17
VisualStudioVersion = 17.11.35327.3
MinimumVisualStudioVersion = 10.0.40219.1
Project("{FAE04EC0-301F-11D3-BF4B-00C04F79EFBC}") = "EL", "EL\EL.csproj", "{DD5F14B2-5BAD-44C5-8503-327CFBAFBA1D}"
EndProject
Project("{2150E333-8FDC-42A3-9474-1A3956D46DE8}") = "Elementos de la solución", "Elementos de la solución", "{69AF701B-D88D-4DE8-90E7-598C4AFF2C98}"
	ProjectSection(SolutionItems) = preProject
		.gitignore = .gitignore
	EndProjectSection
EndProject
Global
	GlobalSection(SolutionConfigurationPlatforms) = preSolution
		Debug|Any CPU = Debug|Any CPU
		Release|Any CPU = Release|Any CPU
	EndGlobalSection
	GlobalSection(ProjectConfigurationPlatforms) = postSolution
		{DD5F14B2-5BAD-44C5-8503-327CFBAFBA1D}.Debug|Any CPU.ActiveCfg = Debug|Any CPU
		{DD5F14B2-5BAD-44C5-8503-327CFBAFBA1D}.Debug|Any CPU.Build.0 = Debug|Any CPU
		{DD5F14B2-5BAD-44C5-8503-327CFBAFBA1D}.Release|Any CPU.ActiveCfg = Release|Any CPU
		{DD5F14B2-5BAD-44C5-8503-327CFBAFBA1D}.Release|Any CPU.Build.0 = Release|Any CPU
	EndGlobalSection
	GlobalSection(SolutionProperties) = preSolution
		HideSolutionNode = FALSE
	EndGlobalSection
	GlobalSection(ExtensibilityGlobals) = postSolution
		SolutionGuid = {82A8B340-59EB-49BF-BDF7-C0DD32A68FF9}
	EndGlobalSection
EndGlobal
