
Microsoft Visual Studio Solution File, Format Version 12.00
# Visual Studio Version 17
VisualStudioVersion = 17.11.35327.3
MinimumVisualStudioVersion = 10.0.40219.1
Project("{FAE04EC0-301F-11D3-BF4B-00C04F79EFBC}") = "EL", "EL\EL.csproj", "{9CD16886-C3A6-4B5E-8149-8408588DE8C9}"
EndProject
Project("{FAE04EC0-301F-11D3-BF4B-00C04F79EFBC}") = "GIU", "GIU\GIU.csproj", "{1632C6AB-CF12-445C-8B02-23365FE604B0}"
EndProject
Project("{FAE04EC0-301F-11D3-BF4B-00C04F79EFBC}") = "BLL", "BLL\BLL.csproj", "{3FBA995F-8342-410D-9FCD-E856061C4921}"
EndProject
Project("{FAE04EC0-301F-11D3-BF4B-00C04F79EFBC}") = "DAL", "DAL\DAL.csproj", "{123C850F-7C19-4A1F-8370-FF2E0246A86C}"
EndProject
Global
	GlobalSection(SolutionConfigurationPlatforms) = preSolution
		Debug|Any CPU = Debug|Any CPU
		Release|Any CPU = Release|Any CPU
	EndGlobalSection
	GlobalSection(ProjectConfigurationPlatforms) = postSolution
		{9CD16886-C3A6-4B5E-8149-8408588DE8C9}.Debug|Any CPU.ActiveCfg = Debug|Any CPU
		{9CD16886-C3A6-4B5E-8149-8408588DE8C9}.Debug|Any CPU.Build.0 = Debug|Any CPU
		{9CD16886-C3A6-4B5E-8149-8408588DE8C9}.Release|Any CPU.ActiveCfg = Release|Any CPU
		{9CD16886-C3A6-4B5E-8149-8408588DE8C9}.Release|Any CPU.Build.0 = Release|Any CPU
		{1632C6AB-CF12-445C-8B02-23365FE604B0}.Debug|Any CPU.ActiveCfg = Debug|Any CPU
		{1632C6AB-CF12-445C-8B02-23365FE604B0}.Debug|Any CPU.Build.0 = Debug|Any CPU
		{1632C6AB-CF12-445C-8B02-23365FE604B0}.Release|Any CPU.ActiveCfg = Release|Any CPU
		{1632C6AB-CF12-445C-8B02-23365FE604B0}.Release|Any CPU.Build.0 = Release|Any CPU
		{3FBA995F-8342-410D-9FCD-E856061C4921}.Debug|Any CPU.ActiveCfg = Debug|Any CPU
		{3FBA995F-8342-410D-9FCD-E856061C4921}.Debug|Any CPU.Build.0 = Debug|Any CPU
		{3FBA995F-8342-410D-9FCD-E856061C4921}.Release|Any CPU.ActiveCfg = Release|Any CPU
		{3FBA995F-8342-410D-9FCD-E856061C4921}.Release|Any CPU.Build.0 = Release|Any CPU
		{123C850F-7C19-4A1F-8370-FF2E0246A86C}.Debug|Any CPU.ActiveCfg = Debug|Any CPU
		{123C850F-7C19-4A1F-8370-FF2E0246A86C}.Debug|Any CPU.Build.0 = Debug|Any CPU
		{123C850F-7C19-4A1F-8370-FF2E0246A86C}.Release|Any CPU.ActiveCfg = Release|Any CPU
		{123C850F-7C19-4A1F-8370-FF2E0246A86C}.Release|Any CPU.Build.0 = Release|Any CPU
	EndGlobalSection
	GlobalSection(SolutionProperties) = preSolution
		HideSolutionNode = FALSE
	EndGlobalSection
	GlobalSection(ExtensibilityGlobals) = postSolution
		SolutionGuid = {398D3AA3-F785-45F0-9A67-9D31463EE5F7}
	EndGlobalSection
EndGlobal
